
Microsoft Visual Studio Solution File, Format Version 12.00
# Visual Studio Version 16
VisualStudioVersion = 16.0.29409.12
MinimumVisualStudioVersion = 10.0.40219.1
Project("{9A19103F-16F7-4668-BE54-9A1E7A4F7556}") = "Watcher", "Watcher\Watcher.csproj", "{C943C4A9-22C0-4208-8D06-620AA39951ED}"
EndProject
Project("{9A19103F-16F7-4668-BE54-9A1E7A4F7556}") = "Stratagy", "Stratagy\Stratagy.csproj", "{2944B51A-E9FD-4FAE-B201-07147C758726}"
EndProject
Project("{9A19103F-16F7-4668-BE54-9A1E7A4F7556}") = "Singleton", "Singleton\Singleton.csproj", "{7869C8AD-91E7-4A12-81C2-3EE2705EA02E}"
EndProject
Project("{9A19103F-16F7-4668-BE54-9A1E7A4F7556}") = "Adapter", "Adapter\Adapter.csproj", "{F3440606-9973-45CC-AB2C-2BFD30DAF6D0}"
EndProject
Project("{9A19103F-16F7-4668-BE54-9A1E7A4F7556}") = "Decorator", "Decorator\Decorator.csproj", "{B48B7DB6-7809-4351-9F19-8883DEE6A61C}"
EndProject
Project("{2150E333-8FDC-42A3-9474-1A3956D46DE8}") = "BehaviorPatterns", "BehaviorPatterns", "{AF866BD3-D665-452B-96E5-2F2DCE630C21}"
EndProject
Project("{2150E333-8FDC-42A3-9474-1A3956D46DE8}") = "StructuralPatterns", "StructuralPatterns", "{4596A40C-1904-4776-A349-4B0A4EE4A24F}"
EndProject
Project("{2150E333-8FDC-42A3-9474-1A3956D46DE8}") = "GenerativePatterns", "GenerativePatterns", "{D10EC029-8A43-4997-A11E-C01A9102EC09}"
EndProject
Project("{FAE04EC0-301F-11D3-BF4B-00C04F79EFBC}") = "FactoryMethod", "FactoryMethod\FactoryMethod.csproj", "{50DB79A4-8A3A-4B54-B81F-87CB5A06A5AC}"
EndProject
Global
	GlobalSection(SolutionConfigurationPlatforms) = preSolution
		Debug|Any CPU = Debug|Any CPU
		Release|Any CPU = Release|Any CPU
	EndGlobalSection
	GlobalSection(ProjectConfigurationPlatforms) = postSolution
		{C943C4A9-22C0-4208-8D06-620AA39951ED}.Debug|Any CPU.ActiveCfg = Debug|Any CPU
		{C943C4A9-22C0-4208-8D06-620AA39951ED}.Debug|Any CPU.Build.0 = Debug|Any CPU
		{C943C4A9-22C0-4208-8D06-620AA39951ED}.Release|Any CPU.ActiveCfg = Release|Any CPU
		{C943C4A9-22C0-4208-8D06-620AA39951ED}.Release|Any CPU.Build.0 = Release|Any CPU
		{2944B51A-E9FD-4FAE-B201-07147C758726}.Debug|Any CPU.ActiveCfg = Debug|Any CPU
		{2944B51A-E9FD-4FAE-B201-07147C758726}.Debug|Any CPU.Build.0 = Debug|Any CPU
		{2944B51A-E9FD-4FAE-B201-07147C758726}.Release|Any CPU.ActiveCfg = Release|Any CPU
		{2944B51A-E9FD-4FAE-B201-07147C758726}.Release|Any CPU.Build.0 = Release|Any CPU
		{7869C8AD-91E7-4A12-81C2-3EE2705EA02E}.Debug|Any CPU.ActiveCfg = Debug|Any CPU
		{7869C8AD-91E7-4A12-81C2-3EE2705EA02E}.Debug|Any CPU.Build.0 = Debug|Any CPU
		{7869C8AD-91E7-4A12-81C2-3EE2705EA02E}.Release|Any CPU.ActiveCfg = Release|Any CPU
		{7869C8AD-91E7-4A12-81C2-3EE2705EA02E}.Release|Any CPU.Build.0 = Release|Any CPU
		{F3440606-9973-45CC-AB2C-2BFD30DAF6D0}.Debug|Any CPU.ActiveCfg = Debug|Any CPU
		{F3440606-9973-45CC-AB2C-2BFD30DAF6D0}.Debug|Any CPU.Build.0 = Debug|Any CPU
		{F3440606-9973-45CC-AB2C-2BFD30DAF6D0}.Release|Any CPU.ActiveCfg = Release|Any CPU
		{F3440606-9973-45CC-AB2C-2BFD30DAF6D0}.Release|Any CPU.Build.0 = Release|Any CPU
		{B48B7DB6-7809-4351-9F19-8883DEE6A61C}.Debug|Any CPU.ActiveCfg = Debug|Any CPU
		{B48B7DB6-7809-4351-9F19-8883DEE6A61C}.Debug|Any CPU.Build.0 = Debug|Any CPU
		{B48B7DB6-7809-4351-9F19-8883DEE6A61C}.Release|Any CPU.ActiveCfg = Release|Any CPU
		{B48B7DB6-7809-4351-9F19-8883DEE6A61C}.Release|Any CPU.Build.0 = Release|Any CPU
		{50DB79A4-8A3A-4B54-B81F-87CB5A06A5AC}.Debug|Any CPU.ActiveCfg = Debug|Any CPU
		{50DB79A4-8A3A-4B54-B81F-87CB5A06A5AC}.Debug|Any CPU.Build.0 = Debug|Any CPU
		{50DB79A4-8A3A-4B54-B81F-87CB5A06A5AC}.Release|Any CPU.ActiveCfg = Release|Any CPU
		{50DB79A4-8A3A-4B54-B81F-87CB5A06A5AC}.Release|Any CPU.Build.0 = Release|Any CPU
	EndGlobalSection
	GlobalSection(SolutionProperties) = preSolution
		HideSolutionNode = FALSE
	EndGlobalSection
	GlobalSection(NestedProjects) = preSolution
		{C943C4A9-22C0-4208-8D06-620AA39951ED} = {AF866BD3-D665-452B-96E5-2F2DCE630C21}
		{2944B51A-E9FD-4FAE-B201-07147C758726} = {AF866BD3-D665-452B-96E5-2F2DCE630C21}
		{7869C8AD-91E7-4A12-81C2-3EE2705EA02E} = {D10EC029-8A43-4997-A11E-C01A9102EC09}
		{F3440606-9973-45CC-AB2C-2BFD30DAF6D0} = {4596A40C-1904-4776-A349-4B0A4EE4A24F}
		{B48B7DB6-7809-4351-9F19-8883DEE6A61C} = {4596A40C-1904-4776-A349-4B0A4EE4A24F}
		{50DB79A4-8A3A-4B54-B81F-87CB5A06A5AC} = {D10EC029-8A43-4997-A11E-C01A9102EC09}
	EndGlobalSection
	GlobalSection(ExtensibilityGlobals) = postSolution
		SolutionGuid = {4F97BC79-70B4-4BC3-BB82-FA5EC7DE4980}
	EndGlobalSection
EndGlobal
